{
  "name": "auth-ui",
  "version": "1.0.0",
  "lockfileVersion": 2,
  "requires": true,
  "packages": {
    "": {
      "name": "auth-ui",
      "version": "1.0.0",
      "license": "ISC",
      "dependencies": {
        "angular": "^1.7.9",
        "angular-animate": "^1.7.9",
        "angular-bootstrap": "^0.12.2",
        "angular-cookies": "^1.7.9",
        "angular-gravatar": "^0.4.2",
        "angular-jwt": "^0.1.11",
        "angular-loading-bar": "^0.9.0",
        "angular-route": "^1.7.9",
        "angular-sanitize": "^1.7.9",
        "angular-ui-select": "^0.12.100",
        "angularjs-toaster": "^2.2.0",
        "bootstrap": "^3.4.1",
        "bootswatch": "^3.4.1",
        "font-awesome": "^4.7.0",
        "jquery": "^3.5.0",
        "sca-shared": "0.0.11",
        "ui-select": "^0.19.6",
        "zxcvbn": "^4.4.2"
      }
    },
    "node_modules/angular": {
      "version": "1.8.3",
      "resolved": "https://registry.npmjs.org/angular/-/angular-1.8.3.tgz",
      "integrity": "sha512-5qjkWIQQVsHj4Sb5TcEs4WZWpFeVFHXwxEBHUhrny41D8UrBAd6T/6nPPAsLngJCReIOqi95W3mxdveveutpZw==",
      "deprecated": "For the actively supported Angular, see https://www.npmjs.com/package/@angular/core. AngularJS support has officially ended. For extended AngularJS support options, see https://goo.gle/angularjs-path-forward."
    },
    "node_modules/angular-animate": {
      "version": "1.8.3",
      "resolved": "https://registry.npmjs.org/angular-animate/-/angular-animate-1.8.3.tgz",
      "integrity": "sha512-/LtTKvy5sD6MZbV0v+nHgOIpnFF0mrUp+j5WIxVprVhcrJriYpuCZf4S7Owj1o76De/J0eRzANUozNJ6hVepnQ==",
      "deprecated": "For the actively supported Angular, see https://www.npmjs.com/package/@angular/core. AngularJS support has officially ended. For extended AngularJS support options, see https://goo.gle/angularjs-path-forward."
    },
    "node_modules/angular-bootstrap": {
      "version": "0.12.2",
      "resolved": "https://registry.npmjs.org/angular-bootstrap/-/angular-bootstrap-0.12.2.tgz",
      "integrity": "sha512-5cE/BrGrFMDJZNE+xJmQCBG9FxVBkPC2EUSEYFA6wd/5P7dR2Ic78e6SCJ2CmgouedkRvaUjIuymbcGKFLoSqg=="
    },
    "node_modules/angular-cookies": {
      "version": "1.8.3",
      "resolved": "https://registry.npmjs.org/angular-cookies/-/angular-cookies-1.8.3.tgz",
      "integrity": "sha512-uRd+zWgqiVnly7+YFRosM8E9tUQeY82dAZdtvonh/CeD/sf5SKN/BNIlMlHxZtoAk72ahTIjqUQGfeHdYcSsRQ==",
      "deprecated": "For the actively supported Angular, see https://www.npmjs.com/package/@angular/core. AngularJS support has officially ended. For extended AngularJS support options, see https://goo.gle/angularjs-path-forward."
    },
    "node_modules/angular-gravatar": {
      "version": "0.4.2",
      "resolved": "https://registry.npmjs.org/angular-gravatar/-/angular-gravatar-0.4.2.tgz",
      "integrity": "sha512-ykWxH4m71W+AN8+HcmYR1EdfXvokFyZuO8BB2cQHlJj/lWFDbfas+w0tMY5HJnb4WagKWUru+uzkMFUvgouunA==",
      "dependencies": {
        "angular": "^1.2.5"
      },
      "engines": {
        "node": ">=0.8.0"
      }
    },
    "node_modules/angular-jwt": {
      "version": "0.1.11",
      "resolved": "https://registry.npmjs.org/angular-jwt/-/angular-jwt-0.1.11.tgz",
      "integrity": "sha512-793dv5vXOXaW5/cweMd+sqSf9dPhbazDya3szTVOQ84MDEj1nYLJrixBBa7WNtZeMqz7ylWX7djnFgqLjEWcHw==",
      "engines": {
        "node": ">=0.8.0"
      }
    },
    "node_modules/angular-loading-bar": {
      "version": "0.9.0",
      "resolved": "https://registry.npmjs.org/angular-loading-bar/-/angular-loading-bar-0.9.0.tgz",
      "integrity": "sha512-m131J6XitwSMS2D95Kso9WwpoV92ixkksJv4KXGdhk6UKS1gW09IDvSaJq24iUtsLHIRqnhpj9Y2HiIn7q0WpQ=="
    },
    "node_modules/angular-route": {
      "version": "1.8.3",
      "resolved": "https://registry.npmjs.org/angular-route/-/angular-route-1.8.3.tgz",
      "integrity": "sha512-kpIcRmDR2+o1FxDVVYy8Rvfab86/7LDbOgTRb9T+X9ewPQiBRuDEnZtM3oJYBiQLvAXDYTJXHV48n/bGE9Mv2g==",
      "deprecated": "For the actively supported Angular, see https://www.npmjs.com/package/@angular/core. AngularJS support has officially ended. For extended AngularJS support options, see https://goo.gle/angularjs-path-forward."
    },
    "node_modules/angular-sanitize": {
      "version": "1.8.3",
      "resolved": "https://registry.npmjs.org/angular-sanitize/-/angular-sanitize-1.8.3.tgz",
      "integrity": "sha512-2rxdqzlUVafUeWOwvY/FtyWk1pFTyCtzreeiTytG9m4smpuAEKaIJAjYeVwWsoV+nlTOcgpwV4W1OCmR+BQbUg==",
      "deprecated": "For the actively supported Angular, see https://www.npmjs.com/package/@angular/core. AngularJS support has officially ended. For extended AngularJS support options, see https://goo.gle/angularjs-path-forward."
    },
    "node_modules/angular-ui-select": {
      "version": "0.12.100",
      "resolved": "https://registry.npmjs.org/angular-ui-select/-/angular-ui-select-0.12.100.tgz",
      "integrity": "sha512-gQ8oOR2C2Ksnrj13+r7gR2LYQ2DzPSdmHOQzyJJyS8y9R8wqk2dOeDUfH0WOyNe6JkfwAqm5nMd2aQ+R0Fnk7Q==",
      "deprecated": "This is an unmaintained version. Please use the module 'ui-select'"
    },
    "node_modules/angularjs-toaster": {
      "version": "2.2.0",
      "resolved": "https://registry.npmjs.org/angularjs-toaster/-/angularjs-toaster-2.2.0.tgz",
      "integrity": "sha512-POQyV7mcFu3/qhcxUNfTL0Si5MDqHsJVxiJmfjvbbM7qJp+h9rvitwgSeYr/jCBil3nrPaSQE4nqZWA0Z1DuXA=="
    },
    "node_modules/bootstrap": {
      "version": "3.4.1",
      "resolved": "https://registry.npmjs.org/bootstrap/-/bootstrap-3.4.1.tgz",
      "integrity": "sha512-yN5oZVmRCwe5aKwzRj6736nSmKDX7pLYwsXiCj/EYmo16hODaBiT4En5btW/jhBF/seV+XMx3aYwukYC3A49DA==",
      "engines": {
        "node": ">=6"
      }
    },
    "node_modules/bootswatch": {
      "version": "3.4.1",
      "resolved": "https://registry.npmjs.org/bootswatch/-/bootswatch-3.4.1.tgz",
      "integrity": "sha512-0hL4A8OUiqABgPipGrojf/hyhr5RS257xCNARlbK34HaMfhV5fXvwEooN4/ri9+jgX47J4Wg24ZPmfZ2xD2cKw==",
      "engines": {
        "node": ">= 0.10.0"
      }
    },
    "node_modules/font-awesome": {
      "version": "4.7.0",
      "resolved": "https://registry.npmjs.org/font-awesome/-/font-awesome-4.7.0.tgz",
      "integrity": "sha512-U6kGnykA/6bFmg1M/oT9EkFeIYv7JlX3bozwQJWiiLz6L0w3F5vBVPxHlwyX/vtNq1ckcpRKOB9f2Qal/VtFpg==",
      "engines": {
        "node": ">=0.10.3"
      }
    },
    "node_modules/jquery": {
      "version": "3.7.1",
      "resolved": "https://registry.npmjs.org/jquery/-/jquery-3.7.1.tgz",
      "integrity": "sha512-m4avr8yL8kmFN8psrbFFFmB/If14iN5o9nw/NgnnM+kybDJpRsAynV2BsfpTYrTRysYUdADVD7CkUUizgkpLfg=="
    },
    "node_modules/sca-shared": {
      "version": "0.0.11",
      "resolved": "https://registry.npmjs.org/sca-shared/-/sca-shared-0.0.11.tgz",
      "integrity": "sha512-72H6CyRyxl25j8uIHnkt2Natpo1q5TbbL8pKJN0R7qxTT1ydM+ohbWGlQDDCd0vpyNzXXI819X8AZS41ZrthXw=="
    },
    "node_modules/ui-select": {
      "version": "0.19.8",
      "resolved": "https://registry.npmjs.org/ui-select/-/ui-select-0.19.8.tgz",
      "integrity": "sha512-NSHm75s46oGph4BWUSQ4mgAGdZs0/YTP5nNo0efuwHBCPtTlye8zLSSxi3P5r1jI/BD9bJ8ODXyYWPoJZTRImQ=="
    },
    "node_modules/zxcvbn": {
      "version": "4.4.2",
      "resolved": "https://registry.npmjs.org/zxcvbn/-/zxcvbn-4.4.2.tgz",
      "integrity": "sha512-Bq0B+ixT/DMyG8kgX2xWcI5jUvCwqrMxSFam7m0lAf78nf04hv6lNCsyLYdyYTrCVMqNDY/206K7eExYCeSyUQ=="
    }
  },
  "dependencies": {
    "angular": {
      "version": "1.8.3",
      "resolved": "https://registry.npmjs.org/angular/-/angular-1.8.3.tgz",
      "integrity": "sha512-5qjkWIQQVsHj4Sb5TcEs4WZWpFeVFHXwxEBHUhrny41D8UrBAd6T/6nPPAsLngJCReIOqi95W3mxdveveutpZw=="
    },
    "angular-animate": {
      "version": "1.8.3",
      "resolved": "https://registry.npmjs.org/angular-animate/-/angular-animate-1.8.3.tgz",
      "integrity": "sha512-/LtTKvy5sD6MZbV0v+nHgOIpnFF0mrUp+j5WIxVprVhcrJriYpuCZf4S7Owj1o76De/J0eRzANUozNJ6hVepnQ=="
    },
    "angular-bootstrap": {
      "version": "0.12.2",
      "resolved": "https://registry.npmjs.org/angular-bootstrap/-/angular-bootstrap-0.12.2.tgz",
      "integrity": "sha512-5cE/BrGrFMDJZNE+xJmQCBG9FxVBkPC2EUSEYFA6wd/5P7dR2Ic78e6SCJ2CmgouedkRvaUjIuymbcGKFLoSqg=="
    },
    "angular-cookies": {
      "version": "1.8.3",
      "resolved": "https://registry.npmjs.org/angular-cookies/-/angular-cookies-1.8.3.tgz",
      "integrity": "sha512-uRd+zWgqiVnly7+YFRosM8E9tUQeY82dAZdtvonh/CeD/sf5SKN/BNIlMlHxZtoAk72ahTIjqUQGfeHdYcSsRQ=="
    },
    "angular-gravatar": {
      "version": "0.4.2",
      "resolved": "https://registry.npmjs.org/angular-gravatar/-/angular-gravatar-0.4.2.tgz",
      "integrity": "sha512-ykWxH4m71W+AN8+HcmYR1EdfXvokFyZuO8BB2cQHlJj/lWFDbfas+w0tMY5HJnb4WagKWUru+uzkMFUvgouunA==",
      "requires": {
        "angular": "^1.2.5"
      }
    },
    "angular-jwt": {
      "version": "0.1.11",
      "resolved": "https://registry.npmjs.org/angular-jwt/-/angular-jwt-0.1.11.tgz",
      "integrity": "sha512-793dv5vXOXaW5/cweMd+sqSf9dPhbazDya3szTVOQ84MDEj1nYLJrixBBa7WNtZeMqz7ylWX7djnFgqLjEWcHw=="
    },
    "angular-loading-bar": {
      "version": "0.9.0",
      "resolved": "https://registry.npmjs.org/angular-loading-bar/-/angular-loading-bar-0.9.0.tgz",
      "integrity": "sha512-m131J6XitwSMS2D95Kso9WwpoV92ixkksJv4KXGdhk6UKS1gW09IDvSaJq24iUtsLHIRqnhpj9Y2HiIn7q0WpQ=="
    },
    "angular-route": {
      "version": "1.8.3",
      "resolved": "https://registry.npmjs.org/angular-route/-/angular-route-1.8.3.tgz",
      "integrity": "sha512-kpIcRmDR2+o1FxDVVYy8Rvfab86/7LDbOgTRb9T+X9ewPQiBRuDEnZtM3oJYBiQLvAXDYTJXHV48n/bGE9Mv2g=="
    },
    "angular-sanitize": {
      "version": "1.8.3",
      "resolved": "https://registry.npmjs.org/angular-sanitize/-/angular-sanitize-1.8.3.tgz",
      "integrity": "sha512-2rxdqzlUVafUeWOwvY/FtyWk1pFTyCtzreeiTytG9m4smpuAEKaIJAjYeVwWsoV+nlTOcgpwV4W1OCmR+BQbUg=="
    },
    "angular-ui-select": {
      "version": "0.12.100",
      "resolved": "https://registry.npmjs.org/angular-ui-select/-/angular-ui-select-0.12.100.tgz",
      "integrity": "sha512-gQ8oOR2C2Ksnrj13+r7gR2LYQ2DzPSdmHOQzyJJyS8y9R8wqk2dOeDUfH0WOyNe6JkfwAqm5nMd2aQ+R0Fnk7Q=="
    },
    "angularjs-toaster": {
      "version": "2.2.0",
      "resolved": "https://registry.npmjs.org/angularjs-toaster/-/angularjs-toaster-2.2.0.tgz",
      "integrity": "sha512-POQyV7mcFu3/qhcxUNfTL0Si5MDqHsJVxiJmfjvbbM7qJp+h9rvitwgSeYr/jCBil3nrPaSQE4nqZWA0Z1DuXA=="
    },
    "bootstrap": {
      "version": "3.4.1",
      "resolved": "https://registry.npmjs.org/bootstrap/-/bootstrap-3.4.1.tgz",
      "integrity": "sha512-yN5oZVmRCwe5aKwzRj6736nSmKDX7pLYwsXiCj/EYmo16hODaBiT4En5btW/jhBF/seV+XMx3aYwukYC3A49DA=="
    },
    "bootswatch": {
      "version": "3.4.1",
      "resolved": "https://registry.npmjs.org/bootswatch/-/bootswatch-3.4.1.tgz",
      "integrity": "sha512-0hL4A8OUiqABgPipGrojf/hyhr5RS257xCNARlbK34HaMfhV5fXvwEooN4/ri9+jgX47J4Wg24ZPmfZ2xD2cKw=="
    },
    "font-awesome": {
      "version": "4.7.0",
      "resolved": "https://registry.npmjs.org/font-awesome/-/font-awesome-4.7.0.tgz",
      "integrity": "sha512-U6kGnykA/6bFmg1M/oT9EkFeIYv7JlX3bozwQJWiiLz6L0w3F5vBVPxHlwyX/vtNq1ckcpRKOB9f2Qal/VtFpg=="
    },
    "jquery": {
      "version": "3.7.1",
      "resolved": "https://registry.npmjs.org/jquery/-/jquery-3.7.1.tgz",
      "integrity": "sha512-m4avr8yL8kmFN8psrbFFFmB/If14iN5o9nw/NgnnM+kybDJpRsAynV2BsfpTYrTRysYUdADVD7CkUUizgkpLfg=="
    },
    "sca-shared": {
      "version": "0.0.11",
      "resolved": "https://registry.npmjs.org/sca-shared/-/sca-shared-0.0.11.tgz",
      "integrity": "sha512-72H6CyRyxl25j8uIHnkt2Natpo1q5TbbL8pKJN0R7qxTT1ydM+ohbWGlQDDCd0vpyNzXXI819X8AZS41ZrthXw=="
    },
    "ui-select": {
      "version": "0.19.8",
      "resolved": "https://registry.npmjs.org/ui-select/-/ui-select-0.19.8.tgz",
      "integrity": "sha512-NSHm75s46oGph4BWUSQ4mgAGdZs0/YTP5nNo0efuwHBCPtTlye8zLSSxi3P5r1jI/BD9bJ8ODXyYWPoJZTRImQ=="
    },
    "zxcvbn": {
      "version": "4.4.2",
      "resolved": "https://registry.npmjs.org/zxcvbn/-/zxcvbn-4.4.2.tgz",
      "integrity": "sha512-Bq0B+ixT/DMyG8kgX2xWcI5jUvCwqrMxSFam7m0lAf78nf04hv6lNCsyLYdyYTrCVMqNDY/206K7eExYCeSyUQ=="
    }
  }
}
